
Microsoft Visual Studio Solution File, Format Version 12.00
# Visual Studio Version 16
VisualStudioVersion = 16.0.30002.166
MinimumVisualStudioVersion = 10.0.40219.1
Project("{FAE04EC0-301F-11D3-BF4B-00C04F79EFBC}") = "wallet", "wallet\wallet.csproj", "{FC2E9780-F87F-4985-95CE-756B3BD7C6FE}"
EndProject
Global
	GlobalSection(SolutionConfigurationPlatforms) = preSolution
		Debug|Any CPU = Debug|Any CPU
		Release|Any CPU = Release|Any CPU
	EndGlobalSection
	GlobalSection(ProjectConfigurationPlatforms) = postSolution
		{FC2E9780-F87F-4985-95CE-756B3BD7C6FE}.Debug|Any CPU.ActiveCfg = Debug|Any CPU
		{FC2E9780-F87F-4985-95CE-756B3BD7C6FE}.Debug|Any CPU.Build.0 = Debug|Any CPU
		{FC2E9780-F87F-4985-95CE-756B3BD7C6FE}.Release|Any CPU.ActiveCfg = Release|Any CPU
		{FC2E9780-F87F-4985-95CE-756B3BD7C6FE}.Release|Any CPU.Build.0 = Release|Any CPU
	EndGlobalSection
	GlobalSection(SolutionProperties) = preSolution
		HideSolutionNode = FALSE
	EndGlobalSection
	GlobalSection(ExtensibilityGlobals) = postSolution
		SolutionGuid = {663557DA-9C33-4871-816F-5EA00D201794}
	EndGlobalSection
EndGlobal
